// !$*UTF8*$!
{
	archiveVersion = 1;
	classes = {
	};
	objectVersion = 56;
	objects = {

/* Begin PBXBuildFile section */
		2E8571742D5285B100CD19D8 /* ImagePickerModel.swift in Sources */ = {isa = PBXBuildFile; fileRef = 2E8571732D5285A500CD19D8 /* ImagePickerModel.swift */; };
		2E8571782D5287EA00CD19D8 /* LogDetailView.swift in Sources */ = {isa = PBXBuildFile; fileRef = 2E8571772D5287E300CD19D8 /* LogDetailView.swift */; };
		AE41AC0E2D4D3EBB008F52AB /* ProjectView.swift in Sources */ = {isa = PBXBuildFile; fileRef = AE41AC0D2D4D3EBB008F52AB /* ProjectView.swift */; };
		AE41AC102D4D41F3008F52AB /* AddProjectView.swift in Sources */ = {isa = PBXBuildFile; fileRef = AE41AC0F2D4D41F3008F52AB /* AddProjectView.swift */; };
		AE41AC122D4D4F21008F52AB /* AddLogView.swift in Sources */ = {isa = PBXBuildFile; fileRef = AE41AC112D4D4F21008F52AB /* AddLogView.swift */; };
		AE41AC152D4D6758008F52AB /* PersistenceController.swift in Sources */ = {isa = PBXBuildFile; fileRef = AE41AC142D4D6758008F52AB /* PersistenceController.swift */; };
		AE41AC172D4D692A008F52AB /* LogViewModel.swift in Sources */ = {isa = PBXBuildFile; fileRef = AE41AC162D4D692A008F52AB /* LogViewModel.swift */; };
		AE4708C52D51433900B19740 /* LogProjectView.swift in Sources */ = {isa = PBXBuildFile; fileRef = AE4708C42D51433900B19740 /* LogProjectView.swift */; };
		AE4708C72D51435200B19740 /* EditProjectView.swift in Sources */ = {isa = PBXBuildFile; fileRef = AE4708C62D51435200B19740 /* EditProjectView.swift */; };
		AE4708CA2D52973400B19740 /* ColorExtensions.swift in Sources */ = {isa = PBXBuildFile; fileRef = AE4708C92D52973400B19740 /* ColorExtensions.swift */; };
		AE4708CD2D52974100B19740 /* ColorViewModel.swift in Sources */ = {isa = PBXBuildFile; fileRef = AE4708CB2D52974100B19740 /* ColorViewModel.swift */; };
		AE4708CE2D52974100B19740 /* FontViewModel.swift in Sources */ = {isa = PBXBuildFile; fileRef = AE4708CC2D52974100B19740 /* FontViewModel.swift */; };
		AE4708D32D52979F00B19740 /* CardView.swift in Sources */ = {isa = PBXBuildFile; fileRef = AE4708CF2D52979F00B19740 /* CardView.swift */; };
		AE4708D42D52979F00B19740 /* BrandingView.swift in Sources */ = {isa = PBXBuildFile; fileRef = AE4708D02D52979F00B19740 /* BrandingView.swift */; };
		AE4708D52D52979F00B19740 /* ColorPickerView.swift in Sources */ = {isa = PBXBuildFile; fileRef = AE4708D12D52979F00B19740 /* ColorPickerView.swift */; };
		AE4708D62D52979F00B19740 /* FontPickerView.swift in Sources */ = {isa = PBXBuildFile; fileRef = AE4708D22D52979F00B19740 /* FontPickerView.swift */; };
		AEEA64482D4AAE0900391D73 /* Challenge4App.swift in Sources */ = {isa = PBXBuildFile; fileRef = AEEA64472D4AAE0900391D73 /* Challenge4App.swift */; };
		AEEA644A2D4AAE0900391D73 /* ContentView.swift in Sources */ = {isa = PBXBuildFile; fileRef = AEEA64492D4AAE0900391D73 /* ContentView.swift */; };
		AEEA644C2D4AAE0A00391D73 /* Assets.xcassets in Resources */ = {isa = PBXBuildFile; fileRef = AEEA644B2D4AAE0A00391D73 /* Assets.xcassets */; };
		AEEA644F2D4AAE0A00391D73 /* Preview Assets.xcassets in Resources */ = {isa = PBXBuildFile; fileRef = AEEA644E2D4AAE0A00391D73 /* Preview Assets.xcassets */; };
		AEEA64512D4AAE0A00391D73 /* ProjectViewModel.swift in Sources */ = {isa = PBXBuildFile; fileRef = AEEA64502D4AAE0A00391D73 /* ProjectViewModel.swift */; };
		AEEA64542D4AAE0A00391D73 /* ProjectsContainer.xcdatamodeld in Sources */ = {isa = PBXBuildFile; fileRef = AEEA64522D4AAE0A00391D73 /* ProjectsContainer.xcdatamodeld */; };
/* End PBXBuildFile section */

/* Begin PBXFileReference section */
		2E8571732D5285A500CD19D8 /* ImagePickerModel.swift */ = {isa = PBXFileReference; lastKnownFileType = sourcecode.swift; path = ImagePickerModel.swift; sourceTree = "<group>"; };
		2E8571772D5287E300CD19D8 /* LogDetailView.swift */ = {isa = PBXFileReference; lastKnownFileType = sourcecode.swift; path = LogDetailView.swift; sourceTree = "<group>"; };
		AE41AC0D2D4D3EBB008F52AB /* ProjectView.swift */ = {isa = PBXFileReference; lastKnownFileType = sourcecode.swift; path = ProjectView.swift; sourceTree = "<group>"; };
		AE41AC0F2D4D41F3008F52AB /* AddProjectView.swift */ = {isa = PBXFileReference; lastKnownFileType = sourcecode.swift; path = AddProjectView.swift; sourceTree = "<group>"; };
		AE41AC112D4D4F21008F52AB /* AddLogView.swift */ = {isa = PBXFileReference; lastKnownFileType = sourcecode.swift; path = AddLogView.swift; sourceTree = "<group>"; };
		AE41AC142D4D6758008F52AB /* PersistenceController.swift */ = {isa = PBXFileReference; lastKnownFileType = sourcecode.swift; path = PersistenceController.swift; sourceTree = "<group>"; };
		AE41AC162D4D692A008F52AB /* LogViewModel.swift */ = {isa = PBXFileReference; lastKnownFileType = sourcecode.swift; path = LogViewModel.swift; sourceTree = "<group>"; };
		AE4708C42D51433900B19740 /* LogProjectView.swift */ = {isa = PBXFileReference; lastKnownFileType = sourcecode.swift; path = LogProjectView.swift; sourceTree = "<group>"; };
		AE4708C62D51435200B19740 /* EditProjectView.swift */ = {isa = PBXFileReference; lastKnownFileType = sourcecode.swift; path = EditProjectView.swift; sourceTree = "<group>"; };
		AE4708C92D52973400B19740 /* ColorExtensions.swift */ = {isa = PBXFileReference; fileEncoding = 4; lastKnownFileType = sourcecode.swift; name = ColorExtensions.swift; path = ../../../../Downloads/TesteColorPicker/TesteColorPicker/Utilities/ColorExtensions.swift; sourceTree = "<group>"; };
		AE4708CB2D52974100B19740 /* ColorViewModel.swift */ = {isa = PBXFileReference; fileEncoding = 4; lastKnownFileType = sourcecode.swift; name = ColorViewModel.swift; path = ../../../../Downloads/TesteColorPicker/TesteColorPicker/ViewModel/ColorViewModel.swift; sourceTree = "<group>"; };
		AE4708CC2D52974100B19740 /* FontViewModel.swift */ = {isa = PBXFileReference; fileEncoding = 4; lastKnownFileType = sourcecode.swift; name = FontViewModel.swift; path = ../../../../Downloads/TesteColorPicker/TesteColorPicker/ViewModel/FontViewModel.swift; sourceTree = "<group>"; };
		AE4708CF2D52979F00B19740 /* CardView.swift */ = {isa = PBXFileReference; fileEncoding = 4; lastKnownFileType = sourcecode.swift; name = CardView.swift; path = ../../../../Downloads/TesteColorPicker/TesteColorPicker/Views/CardView.swift; sourceTree = "<group>"; };
		AE4708D02D52979F00B19740 /* BrandingView.swift */ = {isa = PBXFileReference; fileEncoding = 4; lastKnownFileType = sourcecode.swift; name = BrandingView.swift; path = ../../../../Downloads/TesteColorPicker/TesteColorPicker/Views/BrandingView.swift; sourceTree = "<group>"; };
		AE4708D12D52979F00B19740 /* ColorPickerView.swift */ = {isa = PBXFileReference; fileEncoding = 4; lastKnownFileType = sourcecode.swift; name = ColorPickerView.swift; path = ../../../../Downloads/TesteColorPicker/TesteColorPicker/Views/ColorPickerView.swift; sourceTree = "<group>"; };
		AE4708D22D52979F00B19740 /* FontPickerView.swift */ = {isa = PBXFileReference; fileEncoding = 4; lastKnownFileType = sourcecode.swift; name = FontPickerView.swift; path = ../../../../Downloads/TesteColorPicker/TesteColorPicker/Views/FontPickerView.swift; sourceTree = "<group>"; };
		AEEA64442D4AAE0900391D73 /* Challenge4.app */ = {isa = PBXFileReference; explicitFileType = wrapper.application; includeInIndex = 0; path = Challenge4.app; sourceTree = BUILT_PRODUCTS_DIR; };
		AEEA64472D4AAE0900391D73 /* Challenge4App.swift */ = {isa = PBXFileReference; lastKnownFileType = sourcecode.swift; path = Challenge4App.swift; sourceTree = "<group>"; };
		AEEA64492D4AAE0900391D73 /* ContentView.swift */ = {isa = PBXFileReference; lastKnownFileType = sourcecode.swift; path = ContentView.swift; sourceTree = "<group>"; };
		AEEA644B2D4AAE0A00391D73 /* Assets.xcassets */ = {isa = PBXFileReference; lastKnownFileType = folder.assetcatalog; path = Assets.xcassets; sourceTree = "<group>"; };
		AEEA644E2D4AAE0A00391D73 /* Preview Assets.xcassets */ = {isa = PBXFileReference; lastKnownFileType = folder.assetcatalog; path = "Preview Assets.xcassets"; sourceTree = "<group>"; };
		AEEA64502D4AAE0A00391D73 /* ProjectViewModel.swift */ = {isa = PBXFileReference; lastKnownFileType = sourcecode.swift; path = ProjectViewModel.swift; sourceTree = "<group>"; };
		AEEA64532D4AAE0A00391D73 /* Challenge4.xcdatamodel */ = {isa = PBXFileReference; lastKnownFileType = wrapper.xcdatamodel; path = Challenge4.xcdatamodel; sourceTree = "<group>"; };
/* End PBXFileReference section */

/* Begin PBXFrameworksBuildPhase section */
		AEEA64412D4AAE0900391D73 /* Frameworks */ = {
			isa = PBXFrameworksBuildPhase;
			buildActionMask = 2147483647;
			files = (
			);
			runOnlyForDeploymentPostprocessing = 0;
		};
/* End PBXFrameworksBuildPhase section */

/* Begin PBXGroup section */
		AE41AC132D4D51EB008F52AB /* ViewModels */ = {
			isa = PBXGroup;
			children = (
				AE4708CB2D52974100B19740 /* ColorViewModel.swift */,
				AE4708CC2D52974100B19740 /* FontViewModel.swift */,
				2E8571732D5285A500CD19D8 /* ImagePickerModel.swift */,
				AEEA64502D4AAE0A00391D73 /* ProjectViewModel.swift */,
				AE41AC142D4D6758008F52AB /* PersistenceController.swift */,
				AE41AC162D4D692A008F52AB /* LogViewModel.swift */,
			);
			path = ViewModels;
			sourceTree = "<group>";
		};
		AE41AC182D4D6957008F52AB /* Views */ = {
			isa = PBXGroup;
			children = (
				AE4708D02D52979F00B19740 /* BrandingView.swift */,
				AE4708CF2D52979F00B19740 /* CardView.swift */,
				AE4708D12D52979F00B19740 /* ColorPickerView.swift */,
				AE4708D22D52979F00B19740 /* FontPickerView.swift */,
				2E8571772D5287E300CD19D8 /* LogDetailView.swift */,
				AE41AC112D4D4F21008F52AB /* AddLogView.swift */,
				AE41AC0F2D4D41F3008F52AB /* AddProjectView.swift */,
				AE41AC0D2D4D3EBB008F52AB /* ProjectView.swift */,
				AE4708C42D51433900B19740 /* LogProjectView.swift */,
				AE4708C62D51435200B19740 /* EditProjectView.swift */,
			);
			path = Views;
			sourceTree = "<group>";
		};
		AE4708C82D52971B00B19740 /* Utilities */ = {
			isa = PBXGroup;
			children = (
				AE4708C92D52973400B19740 /* ColorExtensions.swift */,
			);
			path = Utilities;
			sourceTree = "<group>";
		};
		AEEA643B2D4AAE0900391D73 = {
			isa = PBXGroup;
			children = (
				AEEA64462D4AAE0900391D73 /* Challenge4 */,
				AEEA64452D4AAE0900391D73 /* Products */,
			);
			sourceTree = "<group>";
		};
		AEEA64452D4AAE0900391D73 /* Products */ = {
			isa = PBXGroup;
			children = (
				AEEA64442D4AAE0900391D73 /* Challenge4.app */,
			);
			name = Products;
			sourceTree = "<group>";
		};
		AEEA64462D4AAE0900391D73 /* Challenge4 */ = {
			isa = PBXGroup;
			children = (
				AE4708C82D52971B00B19740 /* Utilities */,
				AE41AC182D4D6957008F52AB /* Views */,
				AE41AC132D4D51EB008F52AB /* ViewModels */,
				AEEA64472D4AAE0900391D73 /* Challenge4App.swift */,
				AEEA64492D4AAE0900391D73 /* ContentView.swift */,
				AEEA644B2D4AAE0A00391D73 /* Assets.xcassets */,
				AEEA64522D4AAE0A00391D73 /* ProjectsContainer.xcdatamodeld */,
				AEEA644D2D4AAE0A00391D73 /* Preview Content */,
			);
			path = Challenge4;
			sourceTree = "<group>";
		};
		AEEA644D2D4AAE0A00391D73 /* Preview Content */ = {
			isa = PBXGroup;
			children = (
				AEEA644E2D4AAE0A00391D73 /* Preview Assets.xcassets */,
			);
			path = "Preview Content";
			sourceTree = "<group>";
		};
/* End PBXGroup section */

/* Begin PBXNativeTarget section */
		AEEA64432D4AAE0900391D73 /* Challenge4 */ = {
			isa = PBXNativeTarget;
			buildConfigurationList = AEEA64572D4AAE0A00391D73 /* Build configuration list for PBXNativeTarget "Challenge4" */;
			buildPhases = (
				AEEA64402D4AAE0900391D73 /* Sources */,
				AEEA64412D4AAE0900391D73 /* Frameworks */,
				AEEA64422D4AAE0900391D73 /* Resources */,
			);
			buildRules = (
			);
			dependencies = (
			);
			name = Challenge4;
			productName = Challenge4;
			productReference = AEEA64442D4AAE0900391D73 /* Challenge4.app */;
			productType = "com.apple.product-type.application";
		};
/* End PBXNativeTarget section */

/* Begin PBXProject section */
		AEEA643C2D4AAE0900391D73 /* Project object */ = {
			isa = PBXProject;
			attributes = {
				BuildIndependentTargetsInParallel = 1;
				LastSwiftUpdateCheck = 1520;
				LastUpgradeCheck = 1520;
				TargetAttributes = {
					AEEA64432D4AAE0900391D73 = {
						CreatedOnToolsVersion = 15.2;
					};
				};
			};
			buildConfigurationList = AEEA643F2D4AAE0900391D73 /* Build configuration list for PBXProject "Challenge4" */;
			compatibilityVersion = "Xcode 14.0";
			developmentRegion = en;
			hasScannedForEncodings = 0;
			knownRegions = (
				en,
				Base,
			);
			mainGroup = AEEA643B2D4AAE0900391D73;
			productRefGroup = AEEA64452D4AAE0900391D73 /* Products */;
			projectDirPath = "";
			projectRoot = "";
			targets = (
				AEEA64432D4AAE0900391D73 /* Challenge4 */,
			);
		};
/* End PBXProject section */

/* Begin PBXResourcesBuildPhase section */
		AEEA64422D4AAE0900391D73 /* Resources */ = {
			isa = PBXResourcesBuildPhase;
			buildActionMask = 2147483647;
			files = (
				AEEA644F2D4AAE0A00391D73 /* Preview Assets.xcassets in Resources */,
				AEEA644C2D4AAE0A00391D73 /* Assets.xcassets in Resources */,
			);
			runOnlyForDeploymentPostprocessing = 0;
		};
/* End PBXResourcesBuildPhase section */

/* Begin PBXSourcesBuildPhase section */
		AEEA64402D4AAE0900391D73 /* Sources */ = {
			isa = PBXSourcesBuildPhase;
			buildActionMask = 2147483647;
			files = (
				AE41AC102D4D41F3008F52AB /* AddProjectView.swift in Sources */,
				AE4708CE2D52974100B19740 /* FontViewModel.swift in Sources */,
				AE41AC152D4D6758008F52AB /* PersistenceController.swift in Sources */,
				AE4708CD2D52974100B19740 /* ColorViewModel.swift in Sources */,
				2E8571782D5287EA00CD19D8 /* LogDetailView.swift in Sources */,
				AE41AC122D4D4F21008F52AB /* AddLogView.swift in Sources */,
				AE4708C52D51433900B19740 /* LogProjectView.swift in Sources */,
				AE4708D62D52979F00B19740 /* FontPickerView.swift in Sources */,
				AEEA64512D4AAE0A00391D73 /* ProjectViewModel.swift in Sources */,
				AEEA644A2D4AAE0900391D73 /* ContentView.swift in Sources */,
				AE4708D42D52979F00B19740 /* BrandingView.swift in Sources */,
				AE4708D52D52979F00B19740 /* ColorPickerView.swift in Sources */,
				AE41AC0E2D4D3EBB008F52AB /* ProjectView.swift in Sources */,
				AE4708C72D51435200B19740 /* EditProjectView.swift in Sources */,
				AEEA64542D4AAE0A00391D73 /* ProjectsContainer.xcdatamodeld in Sources */,
				AE41AC172D4D692A008F52AB /* LogViewModel.swift in Sources */,
				AEEA64482D4AAE0900391D73 /* Challenge4App.swift in Sources */,
				2E8571742D5285B100CD19D8 /* ImagePickerModel.swift in Sources */,
				AE4708D32D52979F00B19740 /* CardView.swift in Sources */,
				AE4708CA2D52973400B19740 /* ColorExtensions.swift in Sources */,
			);
			runOnlyForDeploymentPostprocessing = 0;
		};
/* End PBXSourcesBuildPhase section */

/* Begin XCBuildConfiguration section */
		AEEA64552D4AAE0A00391D73 /* Debug */ = {
			isa = XCBuildConfiguration;
			buildSettings = {
				ALWAYS_SEARCH_USER_PATHS = NO;
				ASSETCATALOG_COMPILER_GENERATE_SWIFT_ASSET_SYMBOL_EXTENSIONS = YES;
				CLANG_ANALYZER_NONNULL = YES;
				CLANG_ANALYZER_NUMBER_OBJECT_CONVERSION = YES_AGGRESSIVE;
				CLANG_CXX_LANGUAGE_STANDARD = "gnu++20";
				CLANG_ENABLE_MODULES = YES;
				CLANG_ENABLE_OBJC_ARC = YES;
				CLANG_ENABLE_OBJC_WEAK = YES;
				CLANG_WARN_BLOCK_CAPTURE_AUTORELEASING = YES;
				CLANG_WARN_BOOL_CONVERSION = YES;
				CLANG_WARN_COMMA = YES;
				CLANG_WARN_CONSTANT_CONVERSION = YES;
				CLANG_WARN_DEPRECATED_OBJC_IMPLEMENTATIONS = YES;
				CLANG_WARN_DIRECT_OBJC_ISA_USAGE = YES_ERROR;
				CLANG_WARN_DOCUMENTATION_COMMENTS = YES;
				CLANG_WARN_EMPTY_BODY = YES;
				CLANG_WARN_ENUM_CONVERSION = YES;
				CLANG_WARN_INFINITE_RECURSION = YES;
				CLANG_WARN_INT_CONVERSION = YES;
				CLANG_WARN_NON_LITERAL_NULL_CONVERSION = YES;
				CLANG_WARN_OBJC_IMPLICIT_RETAIN_SELF = YES;
				CLANG_WARN_OBJC_LITERAL_CONVERSION = YES;
				CLANG_WARN_OBJC_ROOT_CLASS = YES_ERROR;
				CLANG_WARN_QUOTED_INCLUDE_IN_FRAMEWORK_HEADER = YES;
				CLANG_WARN_RANGE_LOOP_ANALYSIS = YES;
				CLANG_WARN_STRICT_PROTOTYPES = YES;
				CLANG_WARN_SUSPICIOUS_MOVE = YES;
				CLANG_WARN_UNGUARDED_AVAILABILITY = YES_AGGRESSIVE;
				CLANG_WARN_UNREACHABLE_CODE = YES;
				CLANG_WARN__DUPLICATE_METHOD_MATCH = YES;
				COPY_PHASE_STRIP = NO;
				DEBUG_INFORMATION_FORMAT = dwarf;
				ENABLE_STRICT_OBJC_MSGSEND = YES;
				ENABLE_TESTABILITY = YES;
				ENABLE_USER_SCRIPT_SANDBOXING = YES;
				GCC_C_LANGUAGE_STANDARD = gnu17;
				GCC_DYNAMIC_NO_PIC = NO;
				GCC_NO_COMMON_BLOCKS = YES;
				GCC_OPTIMIZATION_LEVEL = 0;
				GCC_PREPROCESSOR_DEFINITIONS = (
					"DEBUG=1",
					"$(inherited)",
				);
				GCC_WARN_64_TO_32_BIT_CONVERSION = YES;
				GCC_WARN_ABOUT_RETURN_TYPE = YES_ERROR;
				GCC_WARN_UNDECLARED_SELECTOR = YES;
				GCC_WARN_UNINITIALIZED_AUTOS = YES_AGGRESSIVE;
				GCC_WARN_UNUSED_FUNCTION = YES;
				GCC_WARN_UNUSED_VARIABLE = YES;
				IPHONEOS_DEPLOYMENT_TARGET = 17.2;
				LOCALIZATION_PREFERS_STRING_CATALOGS = YES;
				MTL_ENABLE_DEBUG_INFO = INCLUDE_SOURCE;
				MTL_FAST_MATH = YES;
				ONLY_ACTIVE_ARCH = YES;
				SDKROOT = iphoneos;
				SWIFT_ACTIVE_COMPILATION_CONDITIONS = "DEBUG $(inherited)";
				SWIFT_OPTIMIZATION_LEVEL = "-Onone";
			};
			name = Debug;
		};
		AEEA64562D4AAE0A00391D73 /* Release */ = {
			isa = XCBuildConfiguration;
			buildSettings = {
				ALWAYS_SEARCH_USER_PATHS = NO;
				ASSETCATALOG_COMPILER_GENERATE_SWIFT_ASSET_SYMBOL_EXTENSIONS = YES;
				CLANG_ANALYZER_NONNULL = YES;
				CLANG_ANALYZER_NUMBER_OBJECT_CONVERSION = YES_AGGRESSIVE;
				CLANG_CXX_LANGUAGE_STANDARD = "gnu++20";
				CLANG_ENABLE_MODULES = YES;
				CLANG_ENABLE_OBJC_ARC = YES;
				CLANG_ENABLE_OBJC_WEAK = YES;
				CLANG_WARN_BLOCK_CAPTURE_AUTORELEASING = YES;
				CLANG_WARN_BOOL_CONVERSION = YES;
				CLANG_WARN_COMMA = YES;
				CLANG_WARN_CONSTANT_CONVERSION = YES;
				CLANG_WARN_DEPRECATED_OBJC_IMPLEMENTATIONS = YES;
				CLANG_WARN_DIRECT_OBJC_ISA_USAGE = YES_ERROR;
				CLANG_WARN_DOCUMENTATION_COMMENTS = YES;
				CLANG_WARN_EMPTY_BODY = YES;
				CLANG_WARN_ENUM_CONVERSION = YES;
				CLANG_WARN_INFINITE_RECURSION = YES;
				CLANG_WARN_INT_CONVERSION = YES;
				CLANG_WARN_NON_LITERAL_NULL_CONVERSION = YES;
				CLANG_WARN_OBJC_IMPLICIT_RETAIN_SELF = YES;
				CLANG_WARN_OBJC_LITERAL_CONVERSION = YES;
				CLANG_WARN_OBJC_ROOT_CLASS = YES_ERROR;
				CLANG_WARN_QUOTED_INCLUDE_IN_FRAMEWORK_HEADER = YES;
				CLANG_WARN_RANGE_LOOP_ANALYSIS = YES;
				CLANG_WARN_STRICT_PROTOTYPES = YES;
				CLANG_WARN_SUSPICIOUS_MOVE = YES;
				CLANG_WARN_UNGUARDED_AVAILABILITY = YES_AGGRESSIVE;
				CLANG_WARN_UNREACHABLE_CODE = YES;
				CLANG_WARN__DUPLICATE_METHOD_MATCH = YES;
				COPY_PHASE_STRIP = NO;
				DEBUG_INFORMATION_FORMAT = "dwarf-with-dsym";
				ENABLE_NS_ASSERTIONS = NO;
				ENABLE_STRICT_OBJC_MSGSEND = YES;
				ENABLE_USER_SCRIPT_SANDBOXING = YES;
				GCC_C_LANGUAGE_STANDARD = gnu17;
				GCC_NO_COMMON_BLOCKS = YES;
				GCC_WARN_64_TO_32_BIT_CONVERSION = YES;
				GCC_WARN_ABOUT_RETURN_TYPE = YES_ERROR;
				GCC_WARN_UNDECLARED_SELECTOR = YES;
				GCC_WARN_UNINITIALIZED_AUTOS = YES_AGGRESSIVE;
				GCC_WARN_UNUSED_FUNCTION = YES;
				GCC_WARN_UNUSED_VARIABLE = YES;
				IPHONEOS_DEPLOYMENT_TARGET = 17.2;
				LOCALIZATION_PREFERS_STRING_CATALOGS = YES;
				MTL_ENABLE_DEBUG_INFO = NO;
				MTL_FAST_MATH = YES;
				SDKROOT = iphoneos;
				SWIFT_COMPILATION_MODE = wholemodule;
				VALIDATE_PRODUCT = YES;
			};
			name = Release;
		};
		AEEA64582D4AAE0A00391D73 /* Debug */ = {
			isa = XCBuildConfiguration;
			buildSettings = {
				ASSETCATALOG_COMPILER_APPICON_NAME = AppIcon;
				ASSETCATALOG_COMPILER_GLOBAL_ACCENT_COLOR_NAME = AccentColor;
				CODE_SIGN_STYLE = Automatic;
				CURRENT_PROJECT_VERSION = 1;
				DEVELOPMENT_ASSET_PATHS = "\"Challenge4/Preview Content\"";
				DEVELOPMENT_TEAM = 2ULRN6JS84;
				ENABLE_PREVIEWS = YES;
				GENERATE_INFOPLIST_FILE = YES;
				INFOPLIST_KEY_UIApplicationSceneManifest_Generation = YES;
				INFOPLIST_KEY_UIApplicationSupportsIndirectInputEvents = YES;
				INFOPLIST_KEY_UILaunchScreen_Generation = YES;
				INFOPLIST_KEY_UISupportedInterfaceOrientations_iPad = "UIInterfaceOrientationPortrait UIInterfaceOrientationPortraitUpsideDown UIInterfaceOrientationLandscapeLeft UIInterfaceOrientationLandscapeRight";
				INFOPLIST_KEY_UISupportedInterfaceOrientations_iPhone = "UIInterfaceOrientationPortrait UIInterfaceOrientationLandscapeLeft UIInterfaceOrientationLandscapeRight";
				LD_RUNPATH_SEARCH_PATHS = (
					"$(inherited)",
					"@executable_path/Frameworks",
				);
				MARKETING_VERSION = 1.0;
				PRODUCT_BUNDLE_IDENTIFIER = com.academy.Challenge4;
				PRODUCT_NAME = "$(TARGET_NAME)";
				SWIFT_EMIT_LOC_STRINGS = YES;
				SWIFT_VERSION = 5.0;
				TARGETED_DEVICE_FAMILY = "1,2";
			};
			name = Debug;
		};
		AEEA64592D4AAE0A00391D73 /* Release */ = {
			isa = XCBuildConfiguration;
			buildSettings = {
				ASSETCATALOG_COMPILER_APPICON_NAME = AppIcon;
				ASSETCATALOG_COMPILER_GLOBAL_ACCENT_COLOR_NAME = AccentColor;
				CODE_SIGN_STYLE = Automatic;
				CURRENT_PROJECT_VERSION = 1;
				DEVELOPMENT_ASSET_PATHS = "\"Challenge4/Preview Content\"";
				DEVELOPMENT_TEAM = 2ULRN6JS84;
				ENABLE_PREVIEWS = YES;
				GENERATE_INFOPLIST_FILE = YES;
				INFOPLIST_KEY_UIApplicationSceneManifest_Generation = YES;
				INFOPLIST_KEY_UIApplicationSupportsIndirectInputEvents = YES;
				INFOPLIST_KEY_UILaunchScreen_Generation = YES;
				INFOPLIST_KEY_UISupportedInterfaceOrientations_iPad = "UIInterfaceOrientationPortrait UIInterfaceOrientationPortraitUpsideDown UIInterfaceOrientationLandscapeLeft UIInterfaceOrientationLandscapeRight";
				INFOPLIST_KEY_UISupportedInterfaceOrientations_iPhone = "UIInterfaceOrientationPortrait UIInterfaceOrientationLandscapeLeft UIInterfaceOrientationLandscapeRight";
				LD_RUNPATH_SEARCH_PATHS = (
					"$(inherited)",
					"@executable_path/Frameworks",
				);
				MARKETING_VERSION = 1.0;
				PRODUCT_BUNDLE_IDENTIFIER = com.academy.Challenge4;
				PRODUCT_NAME = "$(TARGET_NAME)";
				SWIFT_EMIT_LOC_STRINGS = YES;
				SWIFT_VERSION = 5.0;
				TARGETED_DEVICE_FAMILY = "1,2";
			};
			name = Release;
		};
/* End XCBuildConfiguration section */

/* Begin XCConfigurationList section */
		AEEA643F2D4AAE0900391D73 /* Build configuration list for PBXProject "Challenge4" */ = {
			isa = XCConfigurationList;
			buildConfigurations = (
				AEEA64552D4AAE0A00391D73 /* Debug */,
				AEEA64562D4AAE0A00391D73 /* Release */,
			);
			defaultConfigurationIsVisible = 0;
			defaultConfigurationName = Release;
		};
		AEEA64572D4AAE0A00391D73 /* Build configuration list for PBXNativeTarget "Challenge4" */ = {
			isa = XCConfigurationList;
			buildConfigurations = (
				AEEA64582D4AAE0A00391D73 /* Debug */,
				AEEA64592D4AAE0A00391D73 /* Release */,
			);
			defaultConfigurationIsVisible = 0;
			defaultConfigurationName = Release;
		};
/* End XCConfigurationList section */

/* Begin XCVersionGroup section */
		AEEA64522D4AAE0A00391D73 /* ProjectsContainer.xcdatamodeld */ = {
			isa = XCVersionGroup;
			children = (
				AEEA64532D4AAE0A00391D73 /* Challenge4.xcdatamodel */,
			);
			currentVersion = AEEA64532D4AAE0A00391D73 /* Challenge4.xcdatamodel */;
			path = ProjectsContainer.xcdatamodeld;
			sourceTree = "<group>";
			versionGroupType = wrapper.xcdatamodel;
		};
/* End XCVersionGroup section */
	};
	rootObject = AEEA643C2D4AAE0900391D73 /* Project object */;
}
